
Microsoft Visual Studio Solution File, Format Version 12.00
# Visual Studio Version 16
VisualStudioVersion = 16.0.29920.165
MinimumVisualStudioVersion = 10.0.40219.1
Project("{FAE04EC0-301F-11D3-BF4B-00C04F79EFBC}") = "NginxAccessLogAnalysis", "NginxAccessLogAnalysis\NginxAccessLogAnalysis.csproj", "{75C4DF9F-B7DC-476D-81EC-EDF5705E3633}"
EndProject
Global
	GlobalSection(SolutionConfigurationPlatforms) = preSolution
		Debug|Any CPU = Debug|Any CPU
		Release|Any CPU = Release|Any CPU
	EndGlobalSection
	GlobalSection(ProjectConfigurationPlatforms) = postSolution
		{75C4DF9F-B7DC-476D-81EC-EDF5705E3633}.Debug|Any CPU.ActiveCfg = Debug|Any CPU
		{75C4DF9F-B7DC-476D-81EC-EDF5705E3633}.Debug|Any CPU.Build.0 = Debug|Any CPU
		{75C4DF9F-B7DC-476D-81EC-EDF5705E3633}.Release|Any CPU.ActiveCfg = Release|Any CPU
		{75C4DF9F-B7DC-476D-81EC-EDF5705E3633}.Release|Any CPU.Build.0 = Release|Any CPU
	EndGlobalSection
	GlobalSection(SolutionProperties) = preSolution
		HideSolutionNode = FALSE
	EndGlobalSection
	GlobalSection(ExtensibilityGlobals) = postSolution
		SolutionGuid = {120A5576-A1F9-4685-AC99-DE5EC420125E}
	EndGlobalSection
EndGlobal
